// !$*UTF8*$!
{
	archiveVersion = 1;
	classes = {
	};
	objectVersion = 56;
	objects = {

/* Begin PBXBuildFile section */
		F9632E5C2B03F30500900AB2 /* AppDelegate.swift in Sources */ = {isa = PBXBuildFile; fileRef = F9632E5B2B03F30500900AB2 /* AppDelegate.swift */; };
		F9632E5E2B03F30500900AB2 /* SceneDelegate.swift in Sources */ = {isa = PBXBuildFile; fileRef = F9632E5D2B03F30500900AB2 /* SceneDelegate.swift */; };
		F9632E602B03F30500900AB2 /* ViewController.swift in Sources */ = {isa = PBXBuildFile; fileRef = F9632E5F2B03F30500900AB2 /* ViewController.swift */; };
		F9632E632B03F30500900AB2 /* Main.storyboard in Resources */ = {isa = PBXBuildFile; fileRef = F9632E612B03F30500900AB2 /* Main.storyboard */; };
		F9632E652B03F30A00900AB2 /* Assets.xcassets in Resources */ = {isa = PBXBuildFile; fileRef = F9632E642B03F30A00900AB2 /* Assets.xcassets */; };
		F9632E682B03F30A00900AB2 /* LaunchScreen.storyboard in Resources */ = {isa = PBXBuildFile; fileRef = F9632E662B03F30A00900AB2 /* LaunchScreen.storyboard */; };
		F9632E732B03F30A00900AB2 /* bitcoinTests.swift in Sources */ = {isa = PBXBuildFile; fileRef = F9632E722B03F30A00900AB2 /* bitcoinTests.swift */; };
		F9632E7D2B03F30A00900AB2 /* bitcoinUITests.swift in Sources */ = {isa = PBXBuildFile; fileRef = F9632E7C2B03F30A00900AB2 /* bitcoinUITests.swift */; };
		F9632E7F2B03F30A00900AB2 /* bitcoinUITestsLaunchTests.swift in Sources */ = {isa = PBXBuildFile; fileRef = F9632E7E2B03F30A00900AB2 /* bitcoinUITestsLaunchTests.swift */; };
		F9632E902B0683B200900AB2 /* BitCoinModel.swift in Sources */ = {isa = PBXBuildFile; fileRef = F9632E8F2B0683B200900AB2 /* BitCoinModel.swift */; };
		F9632E922B06842400900AB2 /* NetWork.swift in Sources */ = {isa = PBXBuildFile; fileRef = F9632E912B06842400900AB2 /* NetWork.swift */; };
		F9632E942B068D8000900AB2 /* BitCoinViewModel.swift in Sources */ = {isa = PBXBuildFile; fileRef = F9632E932B068D8000900AB2 /* BitCoinViewModel.swift */; };
		F9632E972B068ECA00900AB2 /* RxCocoa in Frameworks */ = {isa = PBXBuildFile; productRef = F9632E962B068ECA00900AB2 /* RxCocoa */; };
		F9632E992B068ECA00900AB2 /* RxSwift in Frameworks */ = {isa = PBXBuildFile; productRef = F9632E982B068ECA00900AB2 /* RxSwift */; };
		F9632E9B2B06AA6500900AB2 /* BitCoinTableViewCell.swift in Sources */ = {isa = PBXBuildFile; fileRef = F9632E9A2B06AA6500900AB2 /* BitCoinTableViewCell.swift */; };
/* End PBXBuildFile section */

/* Begin PBXContainerItemProxy section */
		F9632E6F2B03F30A00900AB2 /* PBXContainerItemProxy */ = {
			isa = PBXContainerItemProxy;
			containerPortal = F9632E502B03F30500900AB2 /* Project object */;
			proxyType = 1;
			remoteGlobalIDString = F9632E572B03F30500900AB2;
			remoteInfo = bitcoin;
		};
		F9632E792B03F30A00900AB2 /* PBXContainerItemProxy */ = {
			isa = PBXContainerItemProxy;
			containerPortal = F9632E502B03F30500900AB2 /* Project object */;
			proxyType = 1;
			remoteGlobalIDString = F9632E572B03F30500900AB2;
			remoteInfo = bitcoin;
		};
/* End PBXContainerItemProxy section */

/* Begin PBXFileReference section */
		F9632E582B03F30500900AB2 /* bitcoin.app */ = {isa = PBXFileReference; explicitFileType = wrapper.application; includeInIndex = 0; path = bitcoin.app; sourceTree = BUILT_PRODUCTS_DIR; };
		F9632E5B2B03F30500900AB2 /* AppDelegate.swift */ = {isa = PBXFileReference; lastKnownFileType = sourcecode.swift; path = AppDelegate.swift; sourceTree = "<group>"; };
		F9632E5D2B03F30500900AB2 /* SceneDelegate.swift */ = {isa = PBXFileReference; lastKnownFileType = sourcecode.swift; path = SceneDelegate.swift; sourceTree = "<group>"; };
		F9632E5F2B03F30500900AB2 /* ViewController.swift */ = {isa = PBXFileReference; lastKnownFileType = sourcecode.swift; path = ViewController.swift; sourceTree = "<group>"; };
		F9632E622B03F30500900AB2 /* Base */ = {isa = PBXFileReference; lastKnownFileType = file.storyboard; name = Base; path = Base.lproj/Main.storyboard; sourceTree = "<group>"; };
		F9632E642B03F30A00900AB2 /* Assets.xcassets */ = {isa = PBXFileReference; lastKnownFileType = folder.assetcatalog; path = Assets.xcassets; sourceTree = "<group>"; };
		F9632E672B03F30A00900AB2 /* Base */ = {isa = PBXFileReference; lastKnownFileType = file.storyboard; name = Base; path = Base.lproj/LaunchScreen.storyboard; sourceTree = "<group>"; };
		F9632E692B03F30A00900AB2 /* Info.plist */ = {isa = PBXFileReference; lastKnownFileType = text.plist.xml; path = Info.plist; sourceTree = "<group>"; };
		F9632E6E2B03F30A00900AB2 /* bitcoinTests.xctest */ = {isa = PBXFileReference; explicitFileType = wrapper.cfbundle; includeInIndex = 0; path = bitcoinTests.xctest; sourceTree = BUILT_PRODUCTS_DIR; };
		F9632E722B03F30A00900AB2 /* bitcoinTests.swift */ = {isa = PBXFileReference; lastKnownFileType = sourcecode.swift; path = bitcoinTests.swift; sourceTree = "<group>"; };
		F9632E782B03F30A00900AB2 /* bitcoinUITests.xctest */ = {isa = PBXFileReference; explicitFileType = wrapper.cfbundle; includeInIndex = 0; path = bitcoinUITests.xctest; sourceTree = BUILT_PRODUCTS_DIR; };
		F9632E7C2B03F30A00900AB2 /* bitcoinUITests.swift */ = {isa = PBXFileReference; lastKnownFileType = sourcecode.swift; path = bitcoinUITests.swift; sourceTree = "<group>"; };
		F9632E7E2B03F30A00900AB2 /* bitcoinUITestsLaunchTests.swift */ = {isa = PBXFileReference; lastKnownFileType = sourcecode.swift; path = bitcoinUITestsLaunchTests.swift; sourceTree = "<group>"; };
		F9632E8F2B0683B200900AB2 /* BitCoinModel.swift */ = {isa = PBXFileReference; lastKnownFileType = sourcecode.swift; path = BitCoinModel.swift; sourceTree = "<group>"; };
		F9632E912B06842400900AB2 /* NetWork.swift */ = {isa = PBXFileReference; lastKnownFileType = sourcecode.swift; path = NetWork.swift; sourceTree = "<group>"; };
		F9632E932B068D8000900AB2 /* BitCoinViewModel.swift */ = {isa = PBXFileReference; lastKnownFileType = sourcecode.swift; path = BitCoinViewModel.swift; sourceTree = "<group>"; };
		F9632E9A2B06AA6500900AB2 /* BitCoinTableViewCell.swift */ = {isa = PBXFileReference; lastKnownFileType = sourcecode.swift; path = BitCoinTableViewCell.swift; sourceTree = "<group>"; };
/* End PBXFileReference section */

/* Begin PBXFrameworksBuildPhase section */
		F9632E552B03F30500900AB2 /* Frameworks */ = {
			isa = PBXFrameworksBuildPhase;
			buildActionMask = 2147483647;
			files = (
				F9632E992B068ECA00900AB2 /* RxSwift in Frameworks */,
				F9632E972B068ECA00900AB2 /* RxCocoa in Frameworks */,
			);
			runOnlyForDeploymentPostprocessing = 0;
		};
		F9632E6B2B03F30A00900AB2 /* Frameworks */ = {
			isa = PBXFrameworksBuildPhase;
			buildActionMask = 2147483647;
			files = (
			);
			runOnlyForDeploymentPostprocessing = 0;
		};
		F9632E752B03F30A00900AB2 /* Frameworks */ = {
			isa = PBXFrameworksBuildPhase;
			buildActionMask = 2147483647;
			files = (
			);
			runOnlyForDeploymentPostprocessing = 0;
		};
/* End PBXFrameworksBuildPhase section */

/* Begin PBXGroup section */
		F9632E4F2B03F30500900AB2 = {
			isa = PBXGroup;
			children = (
				F9632E5A2B03F30500900AB2 /* bitcoin */,
				F9632E712B03F30A00900AB2 /* bitcoinTests */,
				F9632E7B2B03F30A00900AB2 /* bitcoinUITests */,
				F9632E592B03F30500900AB2 /* Products */,
			);
			sourceTree = "<group>";
		};
		F9632E592B03F30500900AB2 /* Products */ = {
			isa = PBXGroup;
			children = (
				F9632E582B03F30500900AB2 /* bitcoin.app */,
				F9632E6E2B03F30A00900AB2 /* bitcoinTests.xctest */,
				F9632E782B03F30A00900AB2 /* bitcoinUITests.xctest */,
			);
			name = Products;
			sourceTree = "<group>";
		};
		F9632E5A2B03F30500900AB2 /* bitcoin */ = {
			isa = PBXGroup;
			children = (
				F9632E8E2B06836000900AB2 /* WebService */,
				F9632E8D2B06835D00900AB2 /* Model */,
				F9632E8C2B06835A00900AB2 /* View */,
				F9632E8B2B06835700900AB2 /* ViewModel */,
				F9632E612B03F30500900AB2 /* Main.storyboard */,
				F9632E642B03F30A00900AB2 /* Assets.xcassets */,
				F9632E662B03F30A00900AB2 /* LaunchScreen.storyboard */,
				F9632E692B03F30A00900AB2 /* Info.plist */,
			);
			path = bitcoin;
			sourceTree = "<group>";
		};
		F9632E712B03F30A00900AB2 /* bitcoinTests */ = {
			isa = PBXGroup;
			children = (
				F9632E722B03F30A00900AB2 /* bitcoinTests.swift */,
			);
			path = bitcoinTests;
			sourceTree = "<group>";
		};
		F9632E7B2B03F30A00900AB2 /* bitcoinUITests */ = {
			isa = PBXGroup;
			children = (
				F9632E7C2B03F30A00900AB2 /* bitcoinUITests.swift */,
				F9632E7E2B03F30A00900AB2 /* bitcoinUITestsLaunchTests.swift */,
			);
			path = bitcoinUITests;
			sourceTree = "<group>";
		};
		F9632E8B2B06835700900AB2 /* ViewModel */ = {
			isa = PBXGroup;
			children = (
				F9632E932B068D8000900AB2 /* BitCoinViewModel.swift */,
			);
			path = ViewModel;
			sourceTree = "<group>";
		};
		F9632E8C2B06835A00900AB2 /* View */ = {
			isa = PBXGroup;
			children = (
				F9632E5B2B03F30500900AB2 /* AppDelegate.swift */,
				F9632E5F2B03F30500900AB2 /* ViewController.swift */,
				F9632E5D2B03F30500900AB2 /* SceneDelegate.swift */,
				F9632E9A2B06AA6500900AB2 /* BitCoinTableViewCell.swift */,
			);
			path = View;
			sourceTree = "<group>";
		};
		F9632E8D2B06835D00900AB2 /* Model */ = {
			isa = PBXGroup;
			children = (
				F9632E8F2B0683B200900AB2 /* BitCoinModel.swift */,
			);
			path = Model;
			sourceTree = "<group>";
		};
		F9632E8E2B06836000900AB2 /* WebService */ = {
			isa = PBXGroup;
			children = (
				F9632E912B06842400900AB2 /* NetWork.swift */,
			);
			path = WebService;
			sourceTree = "<group>";
		};
/* End PBXGroup section */

/* Begin PBXNativeTarget section */
		F9632E572B03F30500900AB2 /* bitcoin */ = {
			isa = PBXNativeTarget;
			buildConfigurationList = F9632E822B03F30A00900AB2 /* Build configuration list for PBXNativeTarget "bitcoin" */;
			buildPhases = (
				F9632E542B03F30500900AB2 /* Sources */,
				F9632E552B03F30500900AB2 /* Frameworks */,
				F9632E562B03F30500900AB2 /* Resources */,
			);
			buildRules = (
			);
			dependencies = (
			);
			name = bitcoin;
			packageProductDependencies = (
				F9632E962B068ECA00900AB2 /* RxCocoa */,
				F9632E982B068ECA00900AB2 /* RxSwift */,
			);
			productName = bitcoin;
			productReference = F9632E582B03F30500900AB2 /* bitcoin.app */;
			productType = "com.apple.product-type.application";
		};
		F9632E6D2B03F30A00900AB2 /* bitcoinTests */ = {
			isa = PBXNativeTarget;
			buildConfigurationList = F9632E852B03F30A00900AB2 /* Build configuration list for PBXNativeTarget "bitcoinTests" */;
			buildPhases = (
				F9632E6A2B03F30A00900AB2 /* Sources */,
				F9632E6B2B03F30A00900AB2 /* Frameworks */,
				F9632E6C2B03F30A00900AB2 /* Resources */,
			);
			buildRules = (
			);
			dependencies = (
				F9632E702B03F30A00900AB2 /* PBXTargetDependency */,
			);
			name = bitcoinTests;
			productName = bitcoinTests;
			productReference = F9632E6E2B03F30A00900AB2 /* bitcoinTests.xctest */;
			productType = "com.apple.product-type.bundle.unit-test";
		};
		F9632E772B03F30A00900AB2 /* bitcoinUITests */ = {
			isa = PBXNativeTarget;
			buildConfigurationList = F9632E882B03F30A00900AB2 /* Build configuration list for PBXNativeTarget "bitcoinUITests" */;
			buildPhases = (
				F9632E742B03F30A00900AB2 /* Sources */,
				F9632E752B03F30A00900AB2 /* Frameworks */,
				F9632E762B03F30A00900AB2 /* Resources */,
			);
			buildRules = (
			);
			dependencies = (
				F9632E7A2B03F30A00900AB2 /* PBXTargetDependency */,
			);
			name = bitcoinUITests;
			productName = bitcoinUITests;
			productReference = F9632E782B03F30A00900AB2 /* bitcoinUITests.xctest */;
			productType = "com.apple.product-type.bundle.ui-testing";
		};
/* End PBXNativeTarget section */

/* Begin PBXProject section */
		F9632E502B03F30500900AB2 /* Project object */ = {
			isa = PBXProject;
			attributes = {
				BuildIndependentTargetsInParallel = 1;
				LastSwiftUpdateCheck = 1420;
				LastUpgradeCheck = 1420;
				TargetAttributes = {
					F9632E572B03F30500900AB2 = {
						CreatedOnToolsVersion = 14.2;
					};
					F9632E6D2B03F30A00900AB2 = {
						CreatedOnToolsVersion = 14.2;
						TestTargetID = F9632E572B03F30500900AB2;
					};
					F9632E772B03F30A00900AB2 = {
						CreatedOnToolsVersion = 14.2;
						TestTargetID = F9632E572B03F30500900AB2;
					};
				};
			};
			buildConfigurationList = F9632E532B03F30500900AB2 /* Build configuration list for PBXProject "bitcoin" */;
			compatibilityVersion = "Xcode 14.0";
			developmentRegion = en;
			hasScannedForEncodings = 0;
			knownRegions = (
				en,
				Base,
			);
			mainGroup = F9632E4F2B03F30500900AB2;
			packageReferences = (
				F9632E952B068ECA00900AB2 /* XCRemoteSwiftPackageReference "RxSwift" */,
			);
			productRefGroup = F9632E592B03F30500900AB2 /* Products */;
			projectDirPath = "";
			projectRoot = "";
			targets = (
				F9632E572B03F30500900AB2 /* bitcoin */,
				F9632E6D2B03F30A00900AB2 /* bitcoinTests */,
				F9632E772B03F30A00900AB2 /* bitcoinUITests */,
			);
		};
/* End PBXProject section */

/* Begin PBXResourcesBuildPhase section */
		F9632E562B03F30500900AB2 /* Resources */ = {
			isa = PBXResourcesBuildPhase;
			buildActionMask = 2147483647;
			files = (
				F9632E682B03F30A00900AB2 /* LaunchScreen.storyboard in Resources */,
				F9632E652B03F30A00900AB2 /* Assets.xcassets in Resources */,
				F9632E632B03F30500900AB2 /* Main.storyboard in Resources */,
			);
			runOnlyForDeploymentPostprocessing = 0;
		};
		F9632E6C2B03F30A00900AB2 /* Resources */ = {
			isa = PBXResourcesBuildPhase;
			buildActionMask = 2147483647;
			files = (
			);
			runOnlyForDeploymentPostprocessing = 0;
		};
		F9632E762B03F30A00900AB2 /* Resources */ = {
			isa = PBXResourcesBuildPhase;
			buildActionMask = 2147483647;
			files = (
			);
			runOnlyForDeploymentPostprocessing = 0;
		};
/* End PBXResourcesBuildPhase section */

/* Begin PBXSourcesBuildPhase section */
		F9632E542B03F30500900AB2 /* Sources */ = {
			isa = PBXSourcesBuildPhase;
			buildActionMask = 2147483647;
			files = (
				F9632E602B03F30500900AB2 /* ViewController.swift in Sources */,
				F9632E5C2B03F30500900AB2 /* AppDelegate.swift in Sources */,
				F9632E902B0683B200900AB2 /* BitCoinModel.swift in Sources */,
				F9632E942B068D8000900AB2 /* BitCoinViewModel.swift in Sources */,
				F9632E5E2B03F30500900AB2 /* SceneDelegate.swift in Sources */,
				F9632E9B2B06AA6500900AB2 /* BitCoinTableViewCell.swift in Sources */,
				F9632E922B06842400900AB2 /* NetWork.swift in Sources */,
			);
			runOnlyForDeploymentPostprocessing = 0;
		};
		F9632E6A2B03F30A00900AB2 /* Sources */ = {
			isa = PBXSourcesBuildPhase;
			buildActionMask = 2147483647;
			files = (
				F9632E732B03F30A00900AB2 /* bitcoinTests.swift in Sources */,
			);
			runOnlyForDeploymentPostprocessing = 0;
		};
		F9632E742B03F30A00900AB2 /* Sources */ = {
			isa = PBXSourcesBuildPhase;
			buildActionMask = 2147483647;
			files = (
				F9632E7D2B03F30A00900AB2 /* bitcoinUITests.swift in Sources */,
				F9632E7F2B03F30A00900AB2 /* bitcoinUITestsLaunchTests.swift in Sources */,
			);
			runOnlyForDeploymentPostprocessing = 0;
		};
/* End PBXSourcesBuildPhase section */

/* Begin PBXTargetDependency section */
		F9632E702B03F30A00900AB2 /* PBXTargetDependency */ = {
			isa = PBXTargetDependency;
			target = F9632E572B03F30500900AB2 /* bitcoin */;
			targetProxy = F9632E6F2B03F30A00900AB2 /* PBXContainerItemProxy */;
		};
		F9632E7A2B03F30A00900AB2 /* PBXTargetDependency */ = {
			isa = PBXTargetDependency;
			target = F9632E572B03F30500900AB2 /* bitcoin */;
			targetProxy = F9632E792B03F30A00900AB2 /* PBXContainerItemProxy */;
		};
/* End PBXTargetDependency section */

/* Begin PBXVariantGroup section */
		F9632E612B03F30500900AB2 /* Main.storyboard */ = {
			isa = PBXVariantGroup;
			children = (
				F9632E622B03F30500900AB2 /* Base */,
			);
			name = Main.storyboard;
			sourceTree = "<group>";
		};
		F9632E662B03F30A00900AB2 /* LaunchScreen.storyboard */ = {
			isa = PBXVariantGroup;
			children = (
				F9632E672B03F30A00900AB2 /* Base */,
			);
			name = LaunchScreen.storyboard;
			sourceTree = "<group>";
		};
/* End PBXVariantGroup section */

/* Begin XCBuildConfiguration section */
		F9632E802B03F30A00900AB2 /* Debug */ = {
			isa = XCBuildConfiguration;
			buildSettings = {
				ALWAYS_SEARCH_USER_PATHS = NO;
				CLANG_ANALYZER_NONNULL = YES;
				CLANG_ANALYZER_NUMBER_OBJECT_CONVERSION = YES_AGGRESSIVE;
				CLANG_CXX_LANGUAGE_STANDARD = "gnu++20";
				CLANG_ENABLE_MODULES = YES;
				CLANG_ENABLE_OBJC_ARC = YES;
				CLANG_ENABLE_OBJC_WEAK = YES;
				CLANG_WARN_BLOCK_CAPTURE_AUTORELEASING = YES;
				CLANG_WARN_BOOL_CONVERSION = YES;
				CLANG_WARN_COMMA = YES;
				CLANG_WARN_CONSTANT_CONVERSION = YES;
				CLANG_WARN_DEPRECATED_OBJC_IMPLEMENTATIONS = YES;
				CLANG_WARN_DIRECT_OBJC_ISA_USAGE = YES_ERROR;
				CLANG_WARN_DOCUMENTATION_COMMENTS = YES;
				CLANG_WARN_EMPTY_BODY = YES;
				CLANG_WARN_ENUM_CONVERSION = YES;
				CLANG_WARN_INFINITE_RECURSION = YES;
				CLANG_WARN_INT_CONVERSION = YES;
				CLANG_WARN_NON_LITERAL_NULL_CONVERSION = YES;
				CLANG_WARN_OBJC_IMPLICIT_RETAIN_SELF = YES;
				CLANG_WARN_OBJC_LITERAL_CONVERSION = YES;
				CLANG_WARN_OBJC_ROOT_CLASS = YES_ERROR;
				CLANG_WARN_QUOTED_INCLUDE_IN_FRAMEWORK_HEADER = YES;
				CLANG_WARN_RANGE_LOOP_ANALYSIS = YES;
				CLANG_WARN_STRICT_PROTOTYPES = YES;
				CLANG_WARN_SUSPICIOUS_MOVE = YES;
				CLANG_WARN_UNGUARDED_AVAILABILITY = YES_AGGRESSIVE;
				CLANG_WARN_UNREACHABLE_CODE = YES;
				CLANG_WARN__DUPLICATE_METHOD_MATCH = YES;
				COPY_PHASE_STRIP = NO;
				DEBUG_INFORMATION_FORMAT = dwarf;
				ENABLE_STRICT_OBJC_MSGSEND = YES;
				ENABLE_TESTABILITY = YES;
				GCC_C_LANGUAGE_STANDARD = gnu11;
				GCC_DYNAMIC_NO_PIC = NO;
				GCC_NO_COMMON_BLOCKS = YES;
				GCC_OPTIMIZATION_LEVEL = 0;
				GCC_PREPROCESSOR_DEFINITIONS = (
					"DEBUG=1",
					"$(inherited)",
				);
				GCC_WARN_64_TO_32_BIT_CONVERSION = YES;
				GCC_WARN_ABOUT_RETURN_TYPE = YES_ERROR;
				GCC_WARN_UNDECLARED_SELECTOR = YES;
				GCC_WARN_UNINITIALIZED_AUTOS = YES_AGGRESSIVE;
				GCC_WARN_UNUSED_FUNCTION = YES;
				GCC_WARN_UNUSED_VARIABLE = YES;
				IPHONEOS_DEPLOYMENT_TARGET = 16.2;
				MTL_ENABLE_DEBUG_INFO = INCLUDE_SOURCE;
				MTL_FAST_MATH = YES;
				ONLY_ACTIVE_ARCH = YES;
				SDKROOT = iphoneos;
				SWIFT_ACTIVE_COMPILATION_CONDITIONS = DEBUG;
				SWIFT_OPTIMIZATION_LEVEL = "-Onone";
			};
			name = Debug;
		};
		F9632E812B03F30A00900AB2 /* Release */ = {
			isa = XCBuildConfiguration;
			buildSettings = {
				ALWAYS_SEARCH_USER_PATHS = NO;
				CLANG_ANALYZER_NONNULL = YES;
				CLANG_ANALYZER_NUMBER_OBJECT_CONVERSION = YES_AGGRESSIVE;
				CLANG_CXX_LANGUAGE_STANDARD = "gnu++20";
				CLANG_ENABLE_MODULES = YES;
				CLANG_ENABLE_OBJC_ARC = YES;
				CLANG_ENABLE_OBJC_WEAK = YES;
				CLANG_WARN_BLOCK_CAPTURE_AUTORELEASING = YES;
				CLANG_WARN_BOOL_CONVERSION = YES;
				CLANG_WARN_COMMA = YES;
				CLANG_WARN_CONSTANT_CONVERSION = YES;
				CLANG_WARN_DEPRECATED_OBJC_IMPLEMENTATIONS = YES;
				CLANG_WARN_DIRECT_OBJC_ISA_USAGE = YES_ERROR;
				CLANG_WARN_DOCUMENTATION_COMMENTS = YES;
				CLANG_WARN_EMPTY_BODY = YES;
				CLANG_WARN_ENUM_CONVERSION = YES;
				CLANG_WARN_INFINITE_RECURSION = YES;
				CLANG_WARN_INT_CONVERSION = YES;
				CLANG_WARN_NON_LITERAL_NULL_CONVERSION = YES;
				CLANG_WARN_OBJC_IMPLICIT_RETAIN_SELF = YES;
				CLANG_WARN_OBJC_LITERAL_CONVERSION = YES;
				CLANG_WARN_OBJC_ROOT_CLASS = YES_ERROR;
				CLANG_WARN_QUOTED_INCLUDE_IN_FRAMEWORK_HEADER = YES;
				CLANG_WARN_RANGE_LOOP_ANALYSIS = YES;
				CLANG_WARN_STRICT_PROTOTYPES = YES;
				CLANG_WARN_SUSPICIOUS_MOVE = YES;
				CLANG_WARN_UNGUARDED_AVAILABILITY = YES_AGGRESSIVE;
				CLANG_WARN_UNREACHABLE_CODE = YES;
				CLANG_WARN__DUPLICATE_METHOD_MATCH = YES;
				COPY_PHASE_STRIP = NO;
				DEBUG_INFORMATION_FORMAT = "dwarf-with-dsym";
				ENABLE_NS_ASSERTIONS = NO;
				ENABLE_STRICT_OBJC_MSGSEND = YES;
				GCC_C_LANGUAGE_STANDARD = gnu11;
				GCC_NO_COMMON_BLOCKS = YES;
				GCC_WARN_64_TO_32_BIT_CONVERSION = YES;
				GCC_WARN_ABOUT_RETURN_TYPE = YES_ERROR;
				GCC_WARN_UNDECLARED_SELECTOR = YES;
				GCC_WARN_UNINITIALIZED_AUTOS = YES_AGGRESSIVE;
				GCC_WARN_UNUSED_FUNCTION = YES;
				GCC_WARN_UNUSED_VARIABLE = YES;
				IPHONEOS_DEPLOYMENT_TARGET = 16.2;
				MTL_ENABLE_DEBUG_INFO = NO;
				MTL_FAST_MATH = YES;
				SDKROOT = iphoneos;
				SWIFT_COMPILATION_MODE = wholemodule;
				SWIFT_OPTIMIZATION_LEVEL = "-O";
				VALIDATE_PRODUCT = YES;
			};
			name = Release;
		};
		F9632E832B03F30A00900AB2 /* Debug */ = {
			isa = XCBuildConfiguration;
			buildSettings = {
				ASSETCATALOG_COMPILER_APPICON_NAME = AppIcon;
				ASSETCATALOG_COMPILER_GLOBAL_ACCENT_COLOR_NAME = AccentColor;
				CODE_SIGN_STYLE = Automatic;
				CURRENT_PROJECT_VERSION = 1;
				DEVELOPMENT_TEAM = RSA4HVWMUV;
				GENERATE_INFOPLIST_FILE = YES;
				INFOPLIST_FILE = bitcoin/Info.plist;
				INFOPLIST_KEY_UIApplicationSupportsIndirectInputEvents = YES;
				INFOPLIST_KEY_UILaunchStoryboardName = LaunchScreen;
				INFOPLIST_KEY_UIMainStoryboardFile = Main;
				INFOPLIST_KEY_UISupportedInterfaceOrientations_iPad = "UIInterfaceOrientationPortrait UIInterfaceOrientationPortraitUpsideDown UIInterfaceOrientationLandscapeLeft UIInterfaceOrientationLandscapeRight";
				INFOPLIST_KEY_UISupportedInterfaceOrientations_iPhone = "UIInterfaceOrientationPortrait UIInterfaceOrientationLandscapeLeft UIInterfaceOrientationLandscapeRight";
				LD_RUNPATH_SEARCH_PATHS = (
					"$(inherited)",
					"@executable_path/Frameworks",
				);
				MARKETING_VERSION = 1.0;
				PRODUCT_BUNDLE_IDENTIFIER = www.preeti.com.bitcoin;
				PRODUCT_NAME = "$(TARGET_NAME)";
				SWIFT_EMIT_LOC_STRINGS = YES;
				SWIFT_VERSION = 5.0;
				TARGETED_DEVICE_FAMILY = "1,2";
			};
			name = Debug;
		};
		F9632E842B03F30A00900AB2 /* Release */ = {
			isa = XCBuildConfiguration;
			buildSettings = {
				ASSETCATALOG_COMPILER_APPICON_NAME = AppIcon;
				ASSETCATALOG_COMPILER_GLOBAL_ACCENT_COLOR_NAME = AccentColor;
				CODE_SIGN_STYLE = Automatic;
				CURRENT_PROJECT_VERSION = 1;
				DEVELOPMENT_TEAM = RSA4HVWMUV;
				GENERATE_INFOPLIST_FILE = YES;
				INFOPLIST_FILE = bitcoin/Info.plist;
				INFOPLIST_KEY_UIApplicationSupportsIndirectInputEvents = YES;
				INFOPLIST_KEY_UILaunchStoryboardName = LaunchScreen;
				INFOPLIST_KEY_UIMainStoryboardFile = Main;
				INFOPLIST_KEY_UISupportedInterfaceOrientations_iPad = "UIInterfaceOrientationPortrait UIInterfaceOrientationPortraitUpsideDown UIInterfaceOrientationLandscapeLeft UIInterfaceOrientationLandscapeRight";
				INFOPLIST_KEY_UISupportedInterfaceOrientations_iPhone = "UIInterfaceOrientationPortrait UIInterfaceOrientationLandscapeLeft UIInterfaceOrientationLandscapeRight";
				LD_RUNPATH_SEARCH_PATHS = (
					"$(inherited)",
					"@executable_path/Frameworks",
				);
				MARKETING_VERSION = 1.0;
				PRODUCT_BUNDLE_IDENTIFIER = www.preeti.com.bitcoin;
				PRODUCT_NAME = "$(TARGET_NAME)";
				SWIFT_EMIT_LOC_STRINGS = YES;
				SWIFT_VERSION = 5.0;
				TARGETED_DEVICE_FAMILY = "1,2";
			};
			name = Release;
		};
		F9632E862B03F30A00900AB2 /* Debug */ = {
			isa = XCBuildConfiguration;
			buildSettings = {
				ALWAYS_EMBED_SWIFT_STANDARD_LIBRARIES = YES;
				BUNDLE_LOADER = "$(TEST_HOST)";
				CODE_SIGN_STYLE = Automatic;
				CURRENT_PROJECT_VERSION = 1;
				DEVELOPMENT_TEAM = RSA4HVWMUV;
				GENERATE_INFOPLIST_FILE = YES;
				IPHONEOS_DEPLOYMENT_TARGET = 16.2;
				MARKETING_VERSION = 1.0;
				PRODUCT_BUNDLE_IDENTIFIER = www.preeti.com.bitcoinTests;
				PRODUCT_NAME = "$(TARGET_NAME)";
				SWIFT_EMIT_LOC_STRINGS = NO;
				SWIFT_VERSION = 5.0;
				TARGETED_DEVICE_FAMILY = "1,2";
				TEST_HOST = "$(BUILT_PRODUCTS_DIR)/bitcoin.app/$(BUNDLE_EXECUTABLE_FOLDER_PATH)/bitcoin";
			};
			name = Debug;
		};
		F9632E872B03F30A00900AB2 /* Release */ = {
			isa = XCBuildConfiguration;
			buildSettings = {
				ALWAYS_EMBED_SWIFT_STANDARD_LIBRARIES = YES;
				BUNDLE_LOADER = "$(TEST_HOST)";
				CODE_SIGN_STYLE = Automatic;
				CURRENT_PROJECT_VERSION = 1;
				DEVELOPMENT_TEAM = RSA4HVWMUV;
				GENERATE_INFOPLIST_FILE = YES;
				IPHONEOS_DEPLOYMENT_TARGET = 16.2;
				MARKETING_VERSION = 1.0;
				PRODUCT_BUNDLE_IDENTIFIER = www.preeti.com.bitcoinTests;
				PRODUCT_NAME = "$(TARGET_NAME)";
				SWIFT_EMIT_LOC_STRINGS = NO;
				SWIFT_VERSION = 5.0;
				TARGETED_DEVICE_FAMILY = "1,2";
				TEST_HOST = "$(BUILT_PRODUCTS_DIR)/bitcoin.app/$(BUNDLE_EXECUTABLE_FOLDER_PATH)/bitcoin";
			};
			name = Release;
		};
		F9632E892B03F30A00900AB2 /* Debug */ = {
			isa = XCBuildConfiguration;
			buildSettings = {
				ALWAYS_EMBED_SWIFT_STANDARD_LIBRARIES = YES;
				CODE_SIGN_STYLE = Automatic;
				CURRENT_PROJECT_VERSION = 1;
				DEVELOPMENT_TEAM = RSA4HVWMUV;
				GENERATE_INFOPLIST_FILE = YES;
				MARKETING_VERSION = 1.0;
				PRODUCT_BUNDLE_IDENTIFIER = www.preeti.com.bitcoinUITests;
				PRODUCT_NAME = "$(TARGET_NAME)";
				SWIFT_EMIT_LOC_STRINGS = NO;
				SWIFT_VERSION = 5.0;
				TARGETED_DEVICE_FAMILY = "1,2";
				TEST_TARGET_NAME = bitcoin;
			};
			name = Debug;
		};
		F9632E8A2B03F30A00900AB2 /* Release */ = {
			isa = XCBuildConfiguration;
			buildSettings = {
				ALWAYS_EMBED_SWIFT_STANDARD_LIBRARIES = YES;
				CODE_SIGN_STYLE = Automatic;
				CURRENT_PROJECT_VERSION = 1;
				DEVELOPMENT_TEAM = RSA4HVWMUV;
				GENERATE_INFOPLIST_FILE = YES;
				MARKETING_VERSION = 1.0;
				PRODUCT_BUNDLE_IDENTIFIER = www.preeti.com.bitcoinUITests;
				PRODUCT_NAME = "$(TARGET_NAME)";
				SWIFT_EMIT_LOC_STRINGS = NO;
				SWIFT_VERSION = 5.0;
				TARGETED_DEVICE_FAMILY = "1,2";
				TEST_TARGET_NAME = bitcoin;
			};
			name = Release;
		};
/* End XCBuildConfiguration section */

/* Begin XCConfigurationList section */
		F9632E532B03F30500900AB2 /* Build configuration list for PBXProject "bitcoin" */ = {
			isa = XCConfigurationList;
			buildConfigurations = (
				F9632E802B03F30A00900AB2 /* Debug */,
				F9632E812B03F30A00900AB2 /* Release */,
			);
			defaultConfigurationIsVisible = 0;
			defaultConfigurationName = Release;
		};
		F9632E822B03F30A00900AB2 /* Build configuration list for PBXNativeTarget "bitcoin" */ = {
			isa = XCConfigurationList;
			buildConfigurations = (
				F9632E832B03F30A00900AB2 /* Debug */,
				F9632E842B03F30A00900AB2 /* Release */,
			);
			defaultConfigurationIsVisible = 0;
			defaultConfigurationName = Release;
		};
		F9632E852B03F30A00900AB2 /* Build configuration list for PBXNativeTarget "bitcoinTests" */ = {
			isa = XCConfigurationList;
			buildConfigurations = (
				F9632E862B03F30A00900AB2 /* Debug */,
				F9632E872B03F30A00900AB2 /* Release */,
			);
			defaultConfigurationIsVisible = 0;
			defaultConfigurationName = Release;
		};
		F9632E882B03F30A00900AB2 /* Build configuration list for PBXNativeTarget "bitcoinUITests" */ = {
			isa = XCConfigurationList;
			buildConfigurations = (
				F9632E892B03F30A00900AB2 /* Debug */,
				F9632E8A2B03F30A00900AB2 /* Release */,
			);
			defaultConfigurationIsVisible = 0;
			defaultConfigurationName = Release;
		};
/* End XCConfigurationList section */

/* Begin XCRemoteSwiftPackageReference section */
		F9632E952B068ECA00900AB2 /* XCRemoteSwiftPackageReference "RxSwift" */ = {
			isa = XCRemoteSwiftPackageReference;
			repositoryURL = "https://github.com/ReactiveX/RxSwift.git";
			requirement = {
				branch = main;
				kind = branch;
			};
		};
/* End XCRemoteSwiftPackageReference section */

/* Begin XCSwiftPackageProductDependency section */
		F9632E962B068ECA00900AB2 /* RxCocoa */ = {
			isa = XCSwiftPackageProductDependency;
			package = F9632E952B068ECA00900AB2 /* XCRemoteSwiftPackageReference "RxSwift" */;
			productName = RxCocoa;
		};
		F9632E982B068ECA00900AB2 /* RxSwift */ = {
			isa = XCSwiftPackageProductDependency;
			package = F9632E952B068ECA00900AB2 /* XCRemoteSwiftPackageReference "RxSwift" */;
			productName = RxSwift;
		};
/* End XCSwiftPackageProductDependency section */
	};
	rootObject = F9632E502B03F30500900AB2 /* Project object */;
}
